
Microsoft Visual Studio Solution File, Format Version 12.00
# Visual Studio Version 17
VisualStudioVersion = 17.10.35013.160
MinimumVisualStudioVersion = 10.0.40219.1
Project("{9A19103F-16F7-4668-BE54-9A1E7A4F7556}") = "MyShop", "MyShop\MyShop.csproj", "{50337BE4-7879-435E-ABD2-0B9ACE57A579}"
EndProject
Project("{9A19103F-16F7-4668-BE54-9A1E7A4F7556}") = "Repository", "Repository\Repository.csproj", "{4CA238B4-DD9E-47B7-B274-6163DE92498B}"
EndProject
Project("{9A19103F-16F7-4668-BE54-9A1E7A4F7556}") = "Entity", "Entity\Entity.csproj", "{E9710BC4-9FD5-406F-852A-6DDCF3A9FD00}"
EndProject
Project("{9A19103F-16F7-4668-BE54-9A1E7A4F7556}") = "Services", "Services\Services.csproj", "{431E7C6E-14C5-43F6-8B50-9811C967A984}"
EndProject
Project("{2150E333-8FDC-42A3-9474-1A3956D46DE8}") = "Solution Items", "Solution Items", "{EF66EF4C-3936-47AE-81E2-7ABBBD01880F}"
	ProjectSection(SolutionItems) = preProject
		.editorconfig = .editorconfig
	EndProjectSection
EndProject
Global
	GlobalSection(SolutionConfigurationPlatforms) = preSolution
		Debug|Any CPU = Debug|Any CPU
		Release|Any CPU = Release|Any CPU
	EndGlobalSection
	GlobalSection(ProjectConfigurationPlatforms) = postSolution
		{50337BE4-7879-435E-ABD2-0B9ACE57A579}.Debug|Any CPU.ActiveCfg = Debug|Any CPU
		{50337BE4-7879-435E-ABD2-0B9ACE57A579}.Debug|Any CPU.Build.0 = Debug|Any CPU
		{50337BE4-7879-435E-ABD2-0B9ACE57A579}.Release|Any CPU.ActiveCfg = Release|Any CPU
		{50337BE4-7879-435E-ABD2-0B9ACE57A579}.Release|Any CPU.Build.0 = Release|Any CPU
		{4CA238B4-DD9E-47B7-B274-6163DE92498B}.Debug|Any CPU.ActiveCfg = Debug|Any CPU
		{4CA238B4-DD9E-47B7-B274-6163DE92498B}.Debug|Any CPU.Build.0 = Debug|Any CPU
		{4CA238B4-DD9E-47B7-B274-6163DE92498B}.Release|Any CPU.ActiveCfg = Release|Any CPU
		{4CA238B4-DD9E-47B7-B274-6163DE92498B}.Release|Any CPU.Build.0 = Release|Any CPU
		{E9710BC4-9FD5-406F-852A-6DDCF3A9FD00}.Debug|Any CPU.ActiveCfg = Debug|Any CPU
		{E9710BC4-9FD5-406F-852A-6DDCF3A9FD00}.Debug|Any CPU.Build.0 = Debug|Any CPU
		{E9710BC4-9FD5-406F-852A-6DDCF3A9FD00}.Release|Any CPU.ActiveCfg = Release|Any CPU
		{E9710BC4-9FD5-406F-852A-6DDCF3A9FD00}.Release|Any CPU.Build.0 = Release|Any CPU
		{431E7C6E-14C5-43F6-8B50-9811C967A984}.Debug|Any CPU.ActiveCfg = Debug|Any CPU
		{431E7C6E-14C5-43F6-8B50-9811C967A984}.Debug|Any CPU.Build.0 = Debug|Any CPU
		{431E7C6E-14C5-43F6-8B50-9811C967A984}.Release|Any CPU.ActiveCfg = Release|Any CPU
		{431E7C6E-14C5-43F6-8B50-9811C967A984}.Release|Any CPU.Build.0 = Release|Any CPU
	EndGlobalSection
	GlobalSection(SolutionProperties) = preSolution
		HideSolutionNode = FALSE
	EndGlobalSection
	GlobalSection(ExtensibilityGlobals) = postSolution
		SolutionGuid = {57FF80D6-116B-4296-85BE-2C55CD6FF108}
	EndGlobalSection
EndGlobal
